{"format_version":"1.0","provider_schemas":{"registry.terraform.io/integrations/github":{"provider":{"version":0,"block":{"attributes":{"base_url":{"type":"string","description":"The GitHub Base API URL","description_kind":"plain","optional":true},"insecure":{"type":"bool","description":"Enable `insecure` mode for testing purposes","description_kind":"plain","optional":true},"organization":{"type":"string","description":"The GitHub organization name to manage. Use this field instead of `owner` when managing organization accounts.","description_kind":"plain","deprecated":true,"optional":true},"owner":{"type":"string","description":"The GitHub owner name to manage. Use this field instead of `organization` when managing individual accounts.","description_kind":"plain","optional":true},"read_delay_ms":{"type":"number","description":"Amount of time in milliseconds to sleep in between non-write requests to GitHub API. Defaults to 0ms if not set.","description_kind":"plain","optional":true},"token":{"type":"string","description":"The OAuth token used to connect to GitHub. Anonymous mode is enabled if both `token` and `app_auth` are not set.","description_kind":"plain","optional":true},"write_delay_ms":{"type":"number","description":"Amount of time in milliseconds to sleep in between writes to GitHub API. Defaults to 1000ms or 1s if not set.","description_kind":"plain","optional":true}},"block_types":{"app_auth":{"nesting_mode":"list","block":{"attributes":{"id":{"type":"string","description":"The GitHub App ID.","description_kind":"plain","required":true},"installation_id":{"type":"string","description":"The GitHub App installation instance ID.","description_kind":"plain","required":true},"pem_file":{"type":"string","description":"The GitHub App PEM file contents.","description_kind":"plain","required":true,"sensitive":true}},"description":"The GitHub App credentials used to connect to GitHub. Conflicts with `token`. Anonymous mode is enabled if both `token` and `app_auth` are not set.","description_kind":"plain"},"max_items":1}},"description_kind":"plain"}},"resource_schemas":{"github_actions_environment_secret":{"version":0,"block":{"attributes":{"created_at":{"type":"string","description_kind":"plain","computed":true},"encrypted_value":{"type":"string","description_kind":"plain","optional":true,"sensitive":true},"environment":{"type":"string","description_kind":"plain","required":true},"id":{"type":"string","description_kind":"plain","optional":true,"computed":true},"plaintext_value":{"type":"string","description_kind":"plain","optional":true,"sensitive":true},"repository":{"type":"string","description_kind":"plain","required":true},"secret_name":{"type":"string","description_kind":"plain","required":true},"updated_at":{"type":"string","description_kind":"plain","computed":true}},"description_kind":"plain"}},"github_actions_organization_oidc_subject_claim_customization_template":{"version":0,"block":{"attributes":{"id":{"type":"string","description_kind":"plain","optional":true,"computed":true},"include_claim_keys":{"type":["list","string"],"description_kind":"plain","required":true}},"description_kind":"plain"}},"github_actions_organization_permissions":{"version":0,"block":{"attributes":{"allowed_actions":{"type":"string","description_kind":"plain","optional":true},"enabled_repositories":{"type":"string","description_kind":"plain","required":true},"id":{"type":"string","description_kind":"plain","optional":true,"computed":true}},"block_types":{"allowed_actions_config":{"nesting_mode":"list","block":{"attributes":{"github_owned_allowed":{"type":"bool","description_kind":"plain","required":true},"patterns_allowed":{"type":["set","string"],"description_kind":"plain","optional":true},"verified_allowed":{"type":"bool","description_kind":"plain","optional":true}},"description_kind":"plain"},"max_items":1},"enabled_repositories_config":{"nesting_mode":"list","block":{"attributes":{"repository_ids":{"type":["set","number"],"description_kind":"plain","required":true}},"description_kind":"plain"},"max_items":1}},"description_kind":"plain"}},"github_actions_organization_secret":{"version":0,"block":{"attributes":{"created_at":{"type":"string","description_kind":"plain","computed":true},"encrypted_value":{"type":"string","description_kind":"plain","optional":true,"sensitive":true},"id":{"type":"string","description_kind":"plain","optional":true,"computed":true},"plaintext_value":{"type":"string","description_kind":"plain","optional":true,"sensitive":true},"secret_name":{"type":"string","description_kind":"plain","required":true},"selected_repository_ids":{"type":["set","number"],"description_kind":"plain","optional":true},"updated_at":{"type":"string","description_kind":"plain","computed":true},"visibility":{"type":"string","description_kind":"plain","required":true}},"description_kind":"plain"}},"github_actions_organization_secret_repositories":{"version":0,"block":{"attributes":{"id":{"type":"string","description_kind":"plain","optional":true,"computed":true},"secret_name":{"type":"string","description_kind":"plain","required":true},"selected_repository_ids":{"type":["set","number"],"description_kind":"plain","required":true}},"description_kind":"plain"}},"github_actions_repository_access_level":{"version":0,"block":{"attributes":{"access_level":{"type":"string","description_kind":"plain","required":true},"id":{"type":"string","description_kind":"plain","optional":true,"computed":true},"repository":{"type":"string","description_kind":"plain","required":true}},"description_kind":"plain"}},"github_actions_repository_oidc_subject_claim_customization_template":{"version":0,"block":{"attributes":{"id":{"type":"string","description_kind":"plain","optional":true,"computed":true},"include_claim_keys":{"type":["list","string"],"description_kind":"plain","optional":true},"repository":{"type":"string","description_kind":"plain","required":true},"use_default":{"type":"bool","description_kind":"plain","required":true}},"description_kind":"plain"}},"github_actions_repository_permissions":{"version":0,"block":{"attributes":{"allowed_actions":{"type":"string","description_kind":"plain","optional":true},"enabled":{"type":"bool","description_kind":"plain","optional":true},"id":{"type":"string","description_kind":"plain","optional":true,"computed":true},"repository":{"type":"string","description_kind":"plain","required":true}},"block_types":{"allowed_actions_config":{"nesting_mode":"list","block":{"attributes":{"github_owned_allowed":{"type":"bool","description_kind":"plain","required":true},"patterns_allowed":{"type":["set","string"],"description_kind":"plain","optional":true},"verified_allowed":{"type":"bool","description_kind":"plain","optional":true}},"description_kind":"plain"},"max_items":1}},"description_kind":"plain"}},"github_actions_runner_group":{"version":0,"block":{"attributes":{"allows_public_repositories":{"type":"bool","description_kind":"plain","computed":true},"default":{"type":"bool","description_kind":"plain","computed":true},"etag":{"type":"string","description_kind":"plain","computed":true},"id":{"type":"string","description_kind":"plain","optional":true,"computed":true},"inherited":{"type":"bool","description_kind":"plain","computed":true},"name":{"type":"string","description_kind":"plain","required":true},"restricted_to_workflows":{"type":"bool","description_kind":"plain","computed":true},"runners_url":{"type":"string","description_kind":"plain","computed":true},"selected_repositories_url":{"type":"string","description_kind":"plain","computed":true},"selected_repository_ids":{"type":["set","number"],"description_kind":"plain","optional":true},"selected_workflows":{"type":["list","string"],"description_kind":"plain","computed":true},"visibility":{"type":"string","description_kind":"plain","required":true}},"description_kind":"plain"}},"github_actions_secret":{"version":0,"block":{"attributes":{"created_at":{"type":"string","description_kind":"plain","computed":true},"encrypted_value":{"type":"string","description_kind":"plain","optional":true,"sensitive":true},"id":{"type":"string","description_kind":"plain","optional":true,"computed":true},"plaintext_value":{"type":"string","description_kind":"plain","optional":true,"sensitive":true},"repository":{"type":"string","description_kind":"plain","required":true},"secret_name":{"type":"string","description_kind":"plain","required":true},"updated_at":{"type":"string","description_kind":"plain","computed":true}},"description_kind":"plain"}},"github_app_installation_repositories":{"version":0,"block":{"attributes":{"id":{"type":"string","description_kind":"plain","optional":true,"computed":true},"installation_id":{"type":"string","description_kind":"plain","required":true},"selected_repositories":{"type":["set","string"],"description_kind":"plain","required":true}},"description_kind":"plain"}},"github_app_installation_repository":{"version":0,"block":{"attributes":{"id":{"type":"string","description_kind":"plain","optional":true,"computed":true},"installation_id":{"type":"string","description_kind":"plain","required":true},"repo_id":{"type":"number","description_kind":"plain","computed":true},"repository":{"type":"string","description_kind":"plain","required":true}},"description_kind":"plain"}},"github_branch":{"version":0,"block":{"attributes":{"branch":{"type":"string","description_kind":"plain","required":true},"etag":{"type":"string","description_kind":"plain","computed":true},"id":{"type":"string","description_kind":"plain","optional":true,"computed":true},"ref":{"type":"string","description_kind":"plain","computed":true},"repository":{"type":"string","description_kind":"plain","required":true},"sha":{"type":"string","description_kind":"plain","computed":true},"source_branch":{"type":"string","description_kind":"plain","optional":true},"source_sha":{"type":"string","description_kind":"plain","optional":true,"computed":true}},"description_kind":"plain"}},"github_branch_default":{"version":0,"block":{"attributes":{"branch":{"type":"string","description_kind":"plain","required":true},"id":{"type":"string","description_kind":"plain","optional":true,"computed":true},"repository":{"type":"string","description_kind":"plain","required":true}},"description_kind":"plain"}},"github_branch_protection":{"version":1,"block":{"attributes":{"allows_deletions":{"type":"bool","description_kind":"plain","optional":true},"allows_force_pushes":{"type":"bool","description_kind":"plain","optional":true},"blocks_creations":{"type":"bool","description_kind":"plain","optional":true},"enforce_admins":{"type":"bool","description_kind":"plain","optional":true},"id":{"type":"string","description_kind":"plain","optional":true,"computed":true},"lock_branch":{"type":"bool","description_kind":"plain","optional":true},"pattern":{"type":"string","description_kind":"plain","required":true},"push_restrictions":{"type":["set","string"],"description_kind":"plain","optional":true},"repository_id":{"type":"string","description":"Node ID or name of repository","description_kind":"plain","required":true},"require_conversation_resolution":{"type":"bool","description_kind":"plain","optional":true},"require_signed_commits":{"type":"bool","description_kind":"plain","optional":true},"required_linear_history":{"type":"bool","description_kind":"plain","optional":true}},"block_types":{"required_pull_request_reviews":{"nesting_mode":"list","block":{"attributes":{"dismiss_stale_reviews":{"type":"bool","description_kind":"plain","optional":true},"dismissal_restrictions":{"type":["set","string"],"description_kind":"plain","optional":true},"pull_request_bypassers":{"type":["set","string"],"description_kind":"plain","optional":true},"require_code_owner_reviews":{"type":"bool","description_kind":"plain","optional":true},"require_last_push_approval":{"type":"bool","description_kind":"plain","optional":true},"required_approving_review_count":{"type":"number","description_kind":"plain","optional":true},"restrict_dismissals":{"type":"bool","description_kind":"plain","optional":true}},"description_kind":"plain"}},"required_status_checks":{"nesting_mode":"list","block":{"attributes":{"contexts":{"type":["set","string"],"description_kind":"plain","optional":true},"strict":{"type":"bool","description_kind":"plain","optional":true}},"description_kind":"plain"}}},"description_kind":"plain"}},"github_branch_protection_v3":{"version":0,"block":{"attributes":{"branch":{"type":"string","description_kind":"plain","required":true},"enforce_admins":{"type":"bool","description_kind":"plain","optional":true},"etag":{"type":"string","description_kind":"plain","computed":true},"id":{"type":"string","description_kind":"plain","optional":true,"computed":true},"repository":{"type":"string","description_kind":"plain","required":true},"require_conversation_resolution":{"type":"bool","description_kind":"plain","optional":true},"require_signed_commits":{"type":"bool","description_kind":"plain","optional":true}},"block_types":{"required_pull_request_reviews":{"nesting_mode":"list","block":{"attributes":{"dismiss_stale_reviews":{"type":"bool","description_kind":"plain","optional":true},"dismissal_teams":{"type":["set","string"],"description_kind":"plain","optional":true},"dismissal_users":{"type":["set","string"],"description_kind":"plain","optional":true},"include_admins":{"type":"bool","description_kind":"plain","deprecated":true,"optional":true},"require_code_owner_reviews":{"type":"bool","description_kind":"plain","optional":true},"required_approving_review_count":{"type":"number","description_kind":"plain","optional":true}},"description_kind":"plain"},"max_items":1},"required_status_checks":{"nesting_mode":"list","block":{"attributes":{"contexts":{"type":["set","string"],"description_kind":"plain","optional":true},"include_admins":{"type":"bool","description_kind":"plain","deprecated":true,"optional":true},"strict":{"type":"bool","description_kind":"plain","optional":true}},"description_kind":"plain"},"max_items":1},"restrictions":{"nesting_mode":"list","block":{"attributes":{"apps":{"type":["set","string"],"description_kind":"plain","optional":true},"teams":{"type":["set","string"],"description_kind":"plain","optional":true},"users":{"type":["set","string"],"description_kind":"plain","optional":true}},"description_kind":"plain"},"max_items":1}},"description_kind":"plain"}},"github_dependabot_organization_secret":{"version":0,"block":{"attributes":{"created_at":{"type":"string","description_kind":"plain","computed":true},"encrypted_value":{"type":"string","description_kind":"plain","optional":true,"sensitive":true},"id":{"type":"string","description_kind":"plain","optional":true,"computed":true},"plaintext_value":{"type":"string","description_kind":"plain","optional":true,"sensitive":true},"secret_name":{"type":"string","description_kind":"plain","required":true},"selected_repository_ids":{"type":["set","number"],"description_kind":"plain","optional":true},"updated_at":{"type":"string","description_kind":"plain","computed":true},"visibility":{"type":"string","description_kind":"plain","required":true}},"description_kind":"plain"}},"github_dependabot_organization_secret_repositories":{"version":0,"block":{"attributes":{"id":{"type":"string","description_kind":"plain","optional":true,"computed":true},"secret_name":{"type":"string","description_kind":"plain","required":true},"selected_repository_ids":{"type":["set","number"],"description_kind":"plain","required":true}},"description_kind":"plain"}},"github_dependabot_secret":{"version":0,"block":{"attributes":{"created_at":{"type":"string","description_kind":"plain","computed":true},"encrypted_value":{"type":"string","description_kind":"plain","optional":true,"sensitive":true},"id":{"type":"string","description_kind":"plain","optional":true,"computed":true},"plaintext_value":{"type":"string","description_kind":"plain","optional":true,"sensitive":true},"repository":{"type":"string","description_kind":"plain","required":true},"secret_name":{"type":"string","description_kind":"plain","required":true},"updated_at":{"type":"string","description_kind":"plain","computed":true}},"description_kind":"plain"}},"github_emu_group_mapping":{"version":0,"block":{"attributes":{"etag":{"type":"string","description_kind":"plain","computed":true},"group_id":{"type":"number","description_kind":"plain","required":true},"id":{"type":"string","description_kind":"plain","optional":true,"computed":true},"team_slug":{"type":"string","description_kind":"plain","required":true}},"description_kind":"plain"}},"github_enterprise_organization":{"version":0,"block":{"attributes":{"admin_logins":{"type":["set","string"],"description_kind":"plain","required":true},"billing_email":{"type":"string","description_kind":"plain","required":true},"description":{"type":"string","description_kind":"plain","optional":true},"enterprise_id":{"type":"string","description_kind":"plain","required":true},"id":{"type":"string","description_kind":"plain","optional":true,"computed":true},"name":{"type":"string","description_kind":"plain","required":true}},"description_kind":"plain"}},"github_issue":{"version":0,"block":{"attributes":{"assignees":{"type":["set","string"],"description":"List of Logins for Users to assign to this issue","description_kind":"plain","optional":true},"body":{"type":"string","description_kind":"plain","optional":true},"etag":{"type":"string","description_kind":"plain","computed":true},"id":{"type":"string","description_kind":"plain","optional":true,"computed":true},"issue_id":{"type":"number","description_kind":"plain","computed":true},"labels":{"type":["set","string"],"description":"List of names of labels on the issue","description_kind":"plain","optional":true},"milestone_number":{"type":"number","description_kind":"plain","optional":true},"number":{"type":"number","description_kind":"plain","computed":true},"repository":{"type":"string","description_kind":"plain","required":true},"title":{"type":"string","description_kind":"plain","required":true}},"description_kind":"plain"}},"github_issue_label":{"version":0,"block":{"attributes":{"color":{"type":"string","description_kind":"plain","required":true},"description":{"type":"string","description_kind":"plain","optional":true},"etag":{"type":"string","description_kind":"plain","computed":true},"id":{"type":"string","description_kind":"plain","optional":true,"computed":true},"name":{"type":"string","description_kind":"plain","required":true},"repository":{"type":"string","description_kind":"plain","required":true},"url":{"type":"string","description_kind":"plain","computed":true}},"description_kind":"plain"}},"github_membership":{"version":0,"block":{"attributes":{"etag":{"type":"string","description_kind":"plain","computed":true},"id":{"type":"string","description_kind":"plain","optional":true,"computed":true},"role":{"type":"string","description_kind":"plain","optional":true},"username":{"type":"string","description_kind":"plain","required":true}},"description_kind":"plain"}},"github_organization_block":{"version":0,"block":{"attributes":{"etag":{"type":"string","description_kind":"plain","computed":true},"id":{"type":"string","description_kind":"plain","optional":true,"computed":true},"username":{"type":"string","description_kind":"plain","required":true}},"description_kind":"plain"}},"github_organization_project":{"version":0,"block":{"attributes":{"body":{"type":"string","description_kind":"plain","optional":true},"etag":{"type":"string","description_kind":"plain","computed":true},"id":{"type":"string","description_kind":"plain","optional":true,"computed":true},"name":{"type":"string","description_kind":"plain","required":true},"url":{"type":"string","description_kind":"plain","computed":true}},"description_kind":"plain"}},"github_organization_security_manager":{"version":0,"block":{"attributes":{"id":{"type":"string","description_kind":"plain","optional":true,"computed":true},"team_slug":{"type":"string","description_kind":"plain","required":true}},"description_kind":"plain"}},"github_organization_settings":{"version":0,"block":{"attributes":{"advanced_security_enabled_for_new_repositories":{"type":"bool","description_kind":"plain","optional":true},"billing_email":{"type":"string","description_kind":"plain","required":true},"blog":{"type":"string","description_kind":"plain","optional":true},"company":{"type":"string","description_kind":"plain","optional":true},"default_repository_permission":{"type":"string","description_kind":"plain","optional":true},"dependabot_alerts_enabled_for_new_repositories":{"type":"bool","description_kind":"plain","optional":true},"dependabot_security_updates_enabled_for_new_repositories":{"type":"bool","description_kind":"plain","optional":true},"dependency_graph_enabled_for_new_repositories":{"type":"bool","description_kind":"plain","optional":true},"description":{"type":"string","description_kind":"plain","optional":true},"email":{"type":"string","description_kind":"plain","optional":true},"has_organization_projects":{"type":"bool","description_kind":"plain","optional":true},"has_repository_projects":{"type":"bool","description_kind":"plain","optional":true},"id":{"type":"string","description_kind":"plain","optional":true,"computed":true},"location":{"type":"string","description_kind":"plain","optional":true},"members_can_create_internal_repositories":{"type":"bool","description":"Setting to true allows organization members to create internal repositories. Only available to Enterprise Organizations.","description_kind":"plain","optional":true},"members_can_create_pages":{"type":"bool","description_kind":"plain","optional":true},"members_can_create_private_pages":{"type":"bool","description_kind":"plain","optional":true},"members_can_create_private_repositories":{"type":"bool","description_kind":"plain","optional":true},"members_can_create_public_pages":{"type":"bool","description_kind":"plain","optional":true},"members_can_create_public_repositories":{"type":"bool","description_kind":"plain","optional":true},"members_can_create_repositories":{"type":"bool","description_kind":"plain","optional":true},"members_can_fork_private_repositories":{"type":"bool","description_kind":"plain","optional":true},"name":{"type":"string","description_kind":"plain","optional":true},"secret_scanning_enabled_for_new_repositories":{"type":"bool","description_kind":"plain","optional":true},"secret_scanning_push_protection_enabled_for_new_repositories":{"type":"bool","description_kind":"plain","optional":true},"twitter_username":{"type":"string","description_kind":"plain","optional":true},"web_commit_signoff_required":{"type":"bool","description_kind":"plain","optional":true}},"description_kind":"plain"}},"github_organization_webhook":{"version":1,"block":{"attributes":{"active":{"type":"bool","description_kind":"plain","optional":true},"etag":{"type":"string","description_kind":"plain","computed":true},"events":{"type":["set","string"],"description_kind":"plain","required":true},"id":{"type":"string","description_kind":"plain","optional":true,"computed":true},"name":{"type":"string","description_kind":"plain","optional":true},"url":{"type":"string","description_kind":"plain","computed":true}},"block_types":{"configuration":{"nesting_mode":"list","block":{"attributes":{"content_type":{"type":"string","description_kind":"plain","optional":true},"insecure_ssl":{"type":"bool","description_kind":"plain","optional":true},"secret":{"type":"string","description_kind":"plain","optional":true,"sensitive":true},"url":{"type":"string","description_kind":"plain","required":true,"sensitive":true}},"description_kind":"plain"},"max_items":1}},"description_kind":"plain"}},"github_project_card":{"version":0,"block":{"attributes":{"card_id":{"type":"number","description_kind":"plain","computed":true},"column_id":{"type":"string","description_kind":"plain","required":true},"content_id":{"type":"number","description_kind":"plain","optional":true},"content_type":{"type":"string","description_kind":"plain","optional":true},"etag":{"type":"string","description_kind":"plain","computed":true},"id":{"type":"string","description_kind":"plain","optional":true,"computed":true},"note":{"type":"string","description_kind":"plain","optional":true}},"description_kind":"plain"}},"github_project_column":{"version":0,"block":{"attributes":{"column_id":{"type":"number","description_kind":"plain","computed":true},"etag":{"type":"string","description_kind":"plain","computed":true},"id":{"type":"string","description_kind":"plain","optional":true,"computed":true},"name":{"type":"string","description_kind":"plain","required":true},"project_id":{"type":"string","description_kind":"plain","required":true}},"description_kind":"plain"}},"github_release":{"version":0,"block":{"attributes":{"body":{"type":"string","description_kind":"plain","optional":true},"discussion_category_name":{"type":"string","description_kind":"plain","optional":true},"draft":{"type":"bool","description_kind":"plain","optional":true},"etag":{"type":"string","description_kind":"plain","computed":true},"generate_release_notes":{"type":"bool","description_kind":"plain","optional":true},"id":{"type":"string","description_kind":"plain","optional":true,"computed":true},"name":{"type":"string","description_kind":"plain","optional":true},"prerelease":{"type":"bool","description_kind":"plain","optional":true},"repository":{"type":"string","description_kind":"plain","required":true},"tag_name":{"type":"string","description_kind":"plain","required":true},"target_commitish":{"type":"string","description_kind":"plain","optional":true}},"description_kind":"plain"}},"github_repository":{"version":1,"block":{"attributes":{"allow_auto_merge":{"type":"bool","description_kind":"plain","optional":true},"allow_merge_commit":{"type":"bool","description_kind":"plain","optional":true},"allow_rebase_merge":{"type":"bool","description_kind":"plain","optional":true},"allow_squash_merge":{"type":"bool","description_kind":"plain","optional":true},"allow_update_branch":{"type":"bool","description_kind":"plain","optional":true},"archive_on_destroy":{"type":"bool","description_kind":"plain","optional":true},"archived":{"type":"bool","description_kind":"plain","optional":true},"auto_init":{"type":"bool","description_kind":"plain","optional":true},"default_branch":{"type":"string","description":"Can only be set after initial repository creation, and only if the target branch exists","description_kind":"plain","deprecated":true,"optional":true,"computed":true},"delete_branch_on_merge":{"type":"bool","description_kind":"plain","optional":true},"description":{"type":"string","description_kind":"plain","optional":true},"etag":{"type":"string","description_kind":"plain","computed":true},"full_name":{"type":"string","description_kind":"plain","computed":true},"git_clone_url":{"type":"string","description_kind":"plain","computed":true},"gitignore_template":{"type":"string","description_kind":"plain","optional":true},"has_discussions":{"type":"bool","description_kind":"plain","optional":true},"has_downloads":{"type":"bool","description_kind":"plain","optional":true},"has_issues":{"type":"bool","description_kind":"plain","optional":true},"has_projects":{"type":"bool","description_kind":"plain","optional":true},"has_wiki":{"type":"bool","description_kind":"plain","optional":true},"homepage_url":{"type":"string","description_kind":"plain","optional":true},"html_url":{"type":"string","description_kind":"plain","computed":true},"http_clone_url":{"type":"string","description_kind":"plain","computed":true},"id":{"type":"string","description_kind":"plain","optional":true,"computed":true},"ignore_vulnerability_alerts_during_read":{"type":"bool","description_kind":"plain","optional":true},"is_template":{"type":"bool","description_kind":"plain","optional":true},"license_template":{"type":"string","description_kind":"plain","optional":true},"merge_commit_message":{"type":"string","description_kind":"plain","optional":true},"merge_commit_title":{"type":"string","description_kind":"plain","optional":true},"name":{"type":"string","description_kind":"plain","required":true},"node_id":{"type":"string","description_kind":"plain","computed":true},"private":{"type":"bool","description_kind":"plain","deprecated":true,"optional":true,"computed":true},"repo_id":{"type":"number","description_kind":"plain","computed":true},"squash_merge_commit_message":{"type":"string","description_kind":"plain","optional":true},"squash_merge_commit_title":{"type":"string","description_kind":"plain","optional":true},"ssh_clone_url":{"type":"string","description_kind":"plain","computed":true},"svn_url":{"type":"string","description_kind":"plain","computed":true},"topics":{"type":["set","string"],"description_kind":"plain","optional":true},"visibility":{"type":"string","description_kind":"plain","optional":true,"computed":true},"vulnerability_alerts":{"type":"bool","description_kind":"plain","optional":true}},"block_types":{"pages":{"nesting_mode":"list","block":{"attributes":{"cname":{"type":"string","description_kind":"plain","optional":true},"custom_404":{"type":"bool","description_kind":"plain","computed":true},"html_url":{"type":"string","description_kind":"plain","computed":true},"status":{"type":"string","description_kind":"plain","computed":true},"url":{"type":"string","description_kind":"plain","computed":true}},"block_types":{"source":{"nesting_mode":"list","block":{"attributes":{"branch":{"type":"string","description_kind":"plain","required":true},"path":{"type":"string","description_kind":"plain","optional":true}},"description_kind":"plain"},"min_items":1,"max_items":1}},"description_kind":"plain"},"max_items":1},"security_and_analysis":{"nesting_mode":"list","block":{"block_types":{"advanced_security":{"nesting_mode":"list","block":{"attributes":{"status":{"type":"string","description_kind":"plain","required":true}},"description_kind":"plain"},"max_items":1},"secret_scanning":{"nesting_mode":"list","block":{"attributes":{"status":{"type":"string","description_kind":"plain","required":true}},"description_kind":"plain"},"max_items":1},"secret_scanning_push_protection":{"nesting_mode":"list","block":{"attributes":{"status":{"type":"string","description_kind":"plain","required":true}},"description_kind":"plain"},"max_items":1}},"description":"Security and analysis settings for the repository. To use this parameter you must have admin permissions for the repository or be an owner or security manager for the organization that owns the repository.","description_kind":"plain"},"max_items":1},"template":{"nesting_mode":"list","block":{"attributes":{"include_all_branches":{"type":"bool","description_kind":"plain","optional":true},"owner":{"type":"string","description_kind":"plain","required":true},"repository":{"type":"string","description_kind":"plain","required":true}},"description_kind":"plain"},"max_items":1}},"description_kind":"plain"}},"github_repository_autolink_reference":{"version":1,"block":{"attributes":{"etag":{"type":"string","description_kind":"plain","computed":true},"id":{"type":"string","description_kind":"plain","optional":true,"computed":true},"is_alphanumeric":{"type":"bool","description":"Whether this autolink reference matches alphanumeric characters. If false, this autolink reference only matches numeric characters.","description_kind":"plain","optional":true},"key_prefix":{"type":"string","description":"This prefix appended by a number will generate a link any time it is found in an issue, pull request, or commit","description_kind":"plain","required":true},"repository":{"type":"string","description":"The repository name","description_kind":"plain","required":true},"target_url_template":{"type":"string","description":"The template of the target URL used for the links; must be a valid URL and contain `\u003cnum\u003e` for the reference number","description_kind":"plain","required":true}},"description_kind":"plain"}},"github_repository_collaborator":{"version":0,"block":{"attributes":{"id":{"type":"string","description_kind":"plain","optional":true,"computed":true},"invitation_id":{"type":"string","description_kind":"plain","computed":true},"permission":{"type":"string","description_kind":"plain","optional":true},"permission_diff_suppression":{"type":"bool","description_kind":"plain","optional":true},"repository":{"type":"string","description_kind":"plain","required":true},"username":{"type":"string","description_kind":"plain","required":true}},"description_kind":"plain"}},"github_repository_deploy_key":{"version":0,"block":{"attributes":{"etag":{"type":"string","description_kind":"plain","computed":true},"id":{"type":"string","description_kind":"plain","optional":true,"computed":true},"key":{"type":"string","description_kind":"plain","required":true},"read_only":{"type":"bool","description_kind":"plain","optional":true},"repository":{"type":"string","description_kind":"plain","required":true},"title":{"type":"string","description_kind":"plain","required":true}},"description_kind":"plain"}},"github_repository_environment":{"version":0,"block":{"attributes":{"environment":{"type":"string","description_kind":"plain","required":true},"id":{"type":"string","description_kind":"plain","optional":true,"computed":true},"repository":{"type":"string","description_kind":"plain","required":true},"wait_timer":{"type":"number","description_kind":"plain","optional":true}},"block_types":{"deployment_branch_policy":{"nesting_mode":"list","block":{"attributes":{"custom_branch_policies":{"type":"bool","description_kind":"plain","required":true},"protected_branches":{"type":"bool","description_kind":"plain","required":true}},"description_kind":"plain"},"max_items":1},"reviewers":{"nesting_mode":"list","block":{"attributes":{"teams":{"type":["set","number"],"description_kind":"plain","optional":true},"users":{"type":["set","number"],"description_kind":"plain","optional":true}},"description_kind":"plain"},"max_items":6}},"description_kind":"plain"}},"github_repository_file":{"version":0,"block":{"attributes":{"branch":{"type":"string","description":"The branch name, defaults to \"main\"","description_kind":"plain","optional":true},"commit_author":{"type":"string","description":"The commit author name, defaults to the authenticated user's name. GitHub app users may omit author and email information so GitHub can verify commits as the GitHub App. ","description_kind":"plain","optional":true},"commit_email":{"type":"string","description":"The commit author email address, defaults to the authenticated user's email address. GitHub app users may omit author and email information so GitHub can verify commits as the GitHub App.","description_kind":"plain","optional":true},"commit_message":{"type":"string","description":"The commit message when creating, updating or deleting the file","description_kind":"plain","optional":true,"computed":true},"commit_sha":{"type":"string","description":"The SHA of the commit that modified the file","description_kind":"plain","computed":true},"content":{"type":"string","description":"The file's content","description_kind":"plain","required":true},"file":{"type":"string","description":"The file path to manage","description_kind":"plain","required":true},"id":{"type":"string","description_kind":"plain","optional":true,"computed":true},"overwrite_on_create":{"type":"bool","description":"Enable overwriting existing files, defaults to \"false\"","description_kind":"plain","optional":true},"repository":{"type":"string","description":"The repository name","description_kind":"plain","required":true},"sha":{"type":"string","description":"The blob SHA of the file","description_kind":"plain","computed":true}},"description_kind":"plain"}},"github_repository_milestone":{"version":0,"block":{"attributes":{"description":{"type":"string","description_kind":"plain","optional":true},"due_date":{"type":"string","description":"in yyyy-mm-dd format","description_kind":"plain","optional":true},"id":{"type":"string","description_kind":"plain","optional":true,"computed":true},"number":{"type":"number","description_kind":"plain","computed":true},"owner":{"type":"string","description_kind":"plain","required":true},"repository":{"type":"string","description_kind":"plain","required":true},"state":{"type":"string","description_kind":"plain","optional":true},"title":{"type":"string","description_kind":"plain","required":true}},"description_kind":"plain"}},"github_repository_project":{"version":0,"block":{"attributes":{"body":{"type":"string","description_kind":"plain","optional":true},"etag":{"type":"string","description_kind":"plain","computed":true},"id":{"type":"string","description_kind":"plain","optional":true,"computed":true},"name":{"type":"string","description_kind":"plain","required":true},"repository":{"type":"string","description_kind":"plain","required":true},"url":{"type":"string","description_kind":"plain","computed":true}},"description_kind":"plain"}},"github_repository_pull_request":{"version":0,"block":{"attributes":{"base_ref":{"type":"string","description_kind":"plain","required":true},"base_repository":{"type":"string","description_kind":"plain","required":true},"base_sha":{"type":"string","description_kind":"plain","computed":true},"body":{"type":"string","description_kind":"plain","optional":true},"draft":{"type":"bool","description_kind":"plain","computed":true},"head_ref":{"type":"string","description_kind":"plain","required":true},"head_sha":{"type":"string","description_kind":"plain","computed":true},"id":{"type":"string","description_kind":"plain","optional":true,"computed":true},"labels":{"type":["list","string"],"description":"List of names of labels on the PR","description_kind":"plain","computed":true},"maintainer_can_modify":{"type":"bool","description_kind":"plain","optional":true},"number":{"type":"number","description_kind":"plain","computed":true},"opened_at":{"type":"number","description_kind":"plain","computed":true},"opened_by":{"type":"string","description":"Username of the PR creator","description_kind":"plain","computed":true},"owner":{"type":"string","description_kind":"plain","optional":true},"state":{"type":"string","description_kind":"plain","computed":true},"title":{"type":"string","description_kind":"plain","required":true},"updated_at":{"type":"number","description_kind":"plain","computed":true}},"description_kind":"plain"}},"github_repository_tag_protection":{"version":0,"block":{"attributes":{"id":{"type":"string","description_kind":"plain","optional":true,"computed":true},"pattern":{"type":"string","description_kind":"plain","required":true},"repository":{"type":"string","description_kind":"plain","required":true},"tag_protection_id":{"type":"number","description_kind":"plain","computed":true}},"description_kind":"plain"}},"github_repository_webhook":{"version":1,"block":{"attributes":{"active":{"type":"bool","description_kind":"plain","optional":true},"etag":{"type":"string","description_kind":"plain","computed":true},"events":{"type":["set","string"],"description_kind":"plain","required":true},"id":{"type":"string","description_kind":"plain","optional":true,"computed":true},"name":{"type":"string","description_kind":"plain","optional":true},"repository":{"type":"string","description_kind":"plain","required":true},"url":{"type":"string","description_kind":"plain","computed":true}},"block_types":{"configuration":{"nesting_mode":"list","block":{"attributes":{"content_type":{"type":"string","description_kind":"plain","optional":true},"insecure_ssl":{"type":"bool","description_kind":"plain","optional":true},"secret":{"type":"string","description_kind":"plain","optional":true,"sensitive":true},"url":{"type":"string","description_kind":"plain","required":true,"sensitive":true}},"description_kind":"plain"},"max_items":1}},"description_kind":"plain"}},"github_team":{"version":0,"block":{"attributes":{"create_default_maintainer":{"type":"bool","description_kind":"plain","optional":true},"description":{"type":"string","description_kind":"plain","optional":true},"etag":{"type":"string","description_kind":"plain","computed":true},"id":{"type":"string","description_kind":"plain","optional":true,"computed":true},"ldap_dn":{"type":"string","description_kind":"plain","optional":true},"members_count":{"type":"number","description_kind":"plain","computed":true},"name":{"type":"string","description_kind":"plain","required":true},"node_id":{"type":"string","description_kind":"plain","computed":true},"parent_team_id":{"type":"number","description_kind":"plain","optional":true},"privacy":{"type":"string","description_kind":"plain","optional":true},"slug":{"type":"string","description_kind":"plain","computed":true}},"description_kind":"plain"}},"github_team_members":{"version":0,"block":{"attributes":{"etag":{"type":"string","description_kind":"plain","computed":true},"id":{"type":"string","description_kind":"plain","optional":true,"computed":true},"team_id":{"type":"string","description_kind":"plain","required":true}},"block_types":{"members":{"nesting_mode":"set","block":{"attributes":{"role":{"type":"string","description_kind":"plain","optional":true},"username":{"type":"string","description_kind":"plain","required":true}},"description_kind":"plain"},"min_items":1}},"description_kind":"plain"}},"github_team_membership":{"version":0,"block":{"attributes":{"etag":{"type":"string","description_kind":"plain","computed":true},"id":{"type":"string","description_kind":"plain","optional":true,"computed":true},"role":{"type":"string","description_kind":"plain","optional":true},"team_id":{"type":"string","description_kind":"plain","required":true},"username":{"type":"string","description_kind":"plain","required":true}},"description_kind":"plain"}},"github_team_repository":{"version":0,"block":{"attributes":{"etag":{"type":"string","description_kind":"plain","computed":true},"id":{"type":"string","description_kind":"plain","optional":true,"computed":true},"permission":{"type":"string","description_kind":"plain","optional":true},"repository":{"type":"string","description_kind":"plain","required":true},"team_id":{"type":"string","description":"ID or slug of team","description_kind":"plain","required":true}},"description_kind":"plain"}},"github_team_settings":{"version":0,"block":{"attributes":{"id":{"type":"string","description_kind":"plain","optional":true,"computed":true},"team_id":{"type":"string","description":"ID or slug of team","description_kind":"plain","required":true},"team_slug":{"type":"string","description":"The slug of the Team within the Organization","description_kind":"plain","computed":true},"team_uid":{"type":"string","description":"The unique ID of the Team on GitHub. Corresponds to the ID of the github_team_settings resource","description_kind":"plain","computed":true}},"block_types":{"review_request_delegation":{"nesting_mode":"list","block":{"attributes":{"algorithm":{"type":"string","description":"Algorithm to use when determining team members to be assigned to a pull request. Allowed values are ROUND_ROBIN and LOAD_BALANCE","description_kind":"plain","optional":true},"member_count":{"type":"number","description":"The number of reviewers to be assigned to a pull request from this team","description_kind":"plain","optional":true},"notify":{"type":"bool","description":"Notify the entire team when a pull request is assigned to a member of the team","description_kind":"plain","optional":true}},"description_kind":"plain"},"max_items":1}},"description_kind":"plain"}},"github_team_sync_group_mapping":{"version":0,"block":{"attributes":{"etag":{"type":"string","description_kind":"plain","computed":true},"id":{"type":"string","description_kind":"plain","optional":true,"computed":true},"team_slug":{"type":"string","description_kind":"plain","required":true}},"block_types":{"group":{"nesting_mode":"set","block":{"attributes":{"group_description":{"type":"string","description_kind":"plain","required":true},"group_id":{"type":"string","description_kind":"plain","required":true},"group_name":{"type":"string","description_kind":"plain","required":true}},"description_kind":"plain"}}},"description_kind":"plain"}},"github_user_gpg_key":{"version":0,"block":{"attributes":{"armored_public_key":{"type":"string","description_kind":"plain","required":true},"etag":{"type":"string","description_kind":"plain","computed":true},"id":{"type":"string","description_kind":"plain","optional":true,"computed":true},"key_id":{"type":"string","description_kind":"plain","computed":true}},"description_kind":"plain"}},"github_user_invitation_accepter":{"version":0,"block":{"attributes":{"id":{"type":"string","description_kind":"plain","optional":true,"computed":true},"invitation_id":{"type":"string","description_kind":"plain","required":true}},"description_kind":"plain"}},"github_user_ssh_key":{"version":0,"block":{"attributes":{"etag":{"type":"string","description_kind":"plain","computed":true},"id":{"type":"string","description_kind":"plain","optional":true,"computed":true},"key":{"type":"string","description_kind":"plain","required":true},"title":{"type":"string","description_kind":"plain","required":true},"url":{"type":"string","description_kind":"plain","computed":true}},"description_kind":"plain"}}},"data_source_schemas":{"github_actions_organization_oidc_subject_claim_customization_template":{"version":0,"block":{"attributes":{"id":{"type":"string","description_kind":"plain","optional":true,"computed":true},"include_claim_keys":{"type":["list","string"],"description_kind":"plain","computed":true}},"description_kind":"plain"}},"github_actions_organization_registration_token":{"version":0,"block":{"attributes":{"expires_at":{"type":"number","description_kind":"plain","computed":true},"id":{"type":"string","description_kind":"plain","optional":true,"computed":true},"token":{"type":"string","description_kind":"plain","computed":true}},"description_kind":"plain"}},"github_actions_organization_secrets":{"version":0,"block":{"attributes":{"id":{"type":"string","description_kind":"plain","optional":true,"computed":true},"secrets":{"type":["list",["object",{"created_at":"string","name":"string","updated_at":"string","visibility":"string"}]],"description_kind":"plain","computed":true}},"description_kind":"plain"}},"github_actions_public_key":{"version":0,"block":{"attributes":{"id":{"type":"string","description_kind":"plain","optional":true,"computed":true},"key":{"type":"string","description_kind":"plain","computed":true},"key_id":{"type":"string","description_kind":"plain","computed":true},"repository":{"type":"string","description_kind":"plain","required":true}},"description_kind":"plain"}},"github_actions_registration_token":{"version":0,"block":{"attributes":{"expires_at":{"type":"number","description_kind":"plain","computed":true},"id":{"type":"string","description_kind":"plain","optional":true,"computed":true},"repository":{"type":"string","description_kind":"plain","required":true},"token":{"type":"string","description_kind":"plain","computed":true}},"description_kind":"plain"}},"github_actions_repository_oidc_subject_claim_customization_template":{"version":0,"block":{"attributes":{"id":{"type":"string","description_kind":"plain","optional":true,"computed":true},"include_claim_keys":{"type":["list","string"],"description_kind":"plain","computed":true},"name":{"type":"string","description_kind":"plain","required":true},"use_default":{"type":"bool","description_kind":"plain","computed":true}},"description_kind":"plain"}},"github_actions_secrets":{"version":0,"block":{"attributes":{"full_name":{"type":"string","description_kind":"plain","optional":true,"computed":true},"id":{"type":"string","description_kind":"plain","optional":true,"computed":true},"name":{"type":"string","description_kind":"plain","optional":true,"computed":true},"secrets":{"type":["list",["object",{"created_at":"string","name":"string","updated_at":"string"}]],"description_kind":"plain","computed":true}},"description_kind":"plain"}},"github_app":{"version":0,"block":{"attributes":{"description":{"type":"string","description_kind":"plain","computed":true},"id":{"type":"string","description_kind":"plain","optional":true,"computed":true},"name":{"type":"string","description_kind":"plain","computed":true},"node_id":{"type":"string","description_kind":"plain","computed":true},"slug":{"type":"string","description_kind":"plain","required":true}},"description_kind":"plain"}},"github_branch":{"version":0,"block":{"attributes":{"branch":{"type":"string","description_kind":"plain","required":true},"etag":{"type":"string","description_kind":"plain","computed":true},"id":{"type":"string","description_kind":"plain","optional":true,"computed":true},"ref":{"type":"string","description_kind":"plain","computed":true},"repository":{"type":"string","description_kind":"plain","required":true},"sha":{"type":"string","description_kind":"plain","computed":true}},"description_kind":"plain"}},"github_collaborators":{"version":0,"block":{"attributes":{"affiliation":{"type":"string","description_kind":"plain","optional":true},"collaborator":{"type":["list",["object",{"events_url":"string","followers_url":"string","following_url":"string","gists_url":"string","html_url":"string","id":"number","login":"string","organizations_url":"string","permission":"string","received_events_url":"string","repos_url":"string","site_admin":"bool","starred_url":"string","subscriptions_url":"string","type":"string","url":"string"}]],"description_kind":"plain","computed":true},"id":{"type":"string","description_kind":"plain","optional":true,"computed":true},"owner":{"type":"string","description_kind":"plain","required":true},"repository":{"type":"string","description_kind":"plain","required":true}},"description_kind":"plain"}},"github_dependabot_organization_secrets":{"version":0,"block":{"attributes":{"id":{"type":"string","description_kind":"plain","optional":true,"computed":true},"secrets":{"type":["list",["object",{"created_at":"string","name":"string","updated_at":"string","visibility":"string"}]],"description_kind":"plain","computed":true}},"description_kind":"plain"}},"github_dependabot_public_key":{"version":0,"block":{"attributes":{"id":{"type":"string","description_kind":"plain","optional":true,"computed":true},"key":{"type":"string","description_kind":"plain","computed":true},"key_id":{"type":"string","description_kind":"plain","computed":true},"repository":{"type":"string","description_kind":"plain","required":true}},"description_kind":"plain"}},"github_dependabot_secrets":{"version":0,"block":{"attributes":{"full_name":{"type":"string","description_kind":"plain","optional":true,"computed":true},"id":{"type":"string","description_kind":"plain","optional":true,"computed":true},"name":{"type":"string","description_kind":"plain","optional":true,"computed":true},"secrets":{"type":["list",["object",{"created_at":"string","name":"string","updated_at":"string"}]],"description_kind":"plain","computed":true}},"description_kind":"plain"}},"github_enterprise":{"version":0,"block":{"attributes":{"created_at":{"type":"string","description_kind":"plain","computed":true},"description":{"type":"string","description_kind":"plain","computed":true},"id":{"type":"string","description_kind":"plain","optional":true,"computed":true},"name":{"type":"string","description_kind":"plain","computed":true},"slug":{"type":"string","description_kind":"plain","required":true},"url":{"type":"string","description_kind":"plain","computed":true}},"description_kind":"plain"}},"github_external_groups":{"version":0,"block":{"attributes":{"external_groups":{"type":["list",["object",{"group_id":"number","group_name":"string","updated_at":"string"}]],"description_kind":"plain","computed":true},"id":{"type":"string","description_kind":"plain","optional":true,"computed":true}},"description_kind":"plain"}},"github_ip_ranges":{"version":0,"block":{"attributes":{"actions":{"type":["list","string"],"description_kind":"plain","computed":true},"actions_ipv4":{"type":["list","string"],"description_kind":"plain","computed":true},"actions_ipv6":{"type":["list","string"],"description_kind":"plain","computed":true},"api":{"type":["list","string"],"description_kind":"plain","computed":true},"api_ipv4":{"type":["list","string"],"description_kind":"plain","computed":true},"api_ipv6":{"type":["list","string"],"description_kind":"plain","computed":true},"dependabot":{"type":["list","string"],"description_kind":"plain","computed":true},"dependabot_ipv4":{"type":["list","string"],"description_kind":"plain","computed":true},"dependabot_ipv6":{"type":["list","string"],"description_kind":"plain","computed":true},"git":{"type":["list","string"],"description_kind":"plain","computed":true},"git_ipv4":{"type":["list","string"],"description_kind":"plain","computed":true},"git_ipv6":{"type":["list","string"],"description_kind":"plain","computed":true},"hooks":{"type":["list","string"],"description_kind":"plain","computed":true},"hooks_ipv4":{"type":["list","string"],"description_kind":"plain","computed":true},"hooks_ipv6":{"type":["list","string"],"description_kind":"plain","computed":true},"id":{"type":"string","description_kind":"plain","optional":true,"computed":true},"importer":{"type":["list","string"],"description_kind":"plain","computed":true},"importer_ipv4":{"type":["list","string"],"description_kind":"plain","computed":true},"importer_ipv6":{"type":["list","string"],"description_kind":"plain","computed":true},"pages":{"type":["list","string"],"description_kind":"plain","computed":true},"pages_ipv4":{"type":["list","string"],"description_kind":"plain","computed":true},"pages_ipv6":{"type":["list","string"],"description_kind":"plain","computed":true},"web":{"type":["list","string"],"description_kind":"plain","computed":true},"web_ipv4":{"type":["list","string"],"description_kind":"plain","computed":true},"web_ipv6":{"type":["list","string"],"description_kind":"plain","computed":true}},"description_kind":"plain"}},"github_membership":{"version":0,"block":{"attributes":{"etag":{"type":"string","description_kind":"plain","computed":true},"id":{"type":"string","description_kind":"plain","optional":true,"computed":true},"organization":{"type":"string","description_kind":"plain","optional":true},"role":{"type":"string","description_kind":"plain","computed":true},"state":{"type":"string","description_kind":"plain","computed":true},"username":{"type":"string","description_kind":"plain","required":true}},"description_kind":"plain"}},"github_organization":{"version":0,"block":{"attributes":{"description":{"type":"string","description_kind":"plain","computed":true},"id":{"type":"string","description_kind":"plain","optional":true,"computed":true},"login":{"type":"string","description_kind":"plain","computed":true},"members":{"type":["list","string"],"description_kind":"plain","computed":true},"name":{"type":"string","description_kind":"plain","required":true},"node_id":{"type":"string","description_kind":"plain","computed":true},"orgname":{"type":"string","description_kind":"plain","computed":true},"plan":{"type":"string","description_kind":"plain","computed":true},"repositories":{"type":["list","string"],"description_kind":"plain","computed":true}},"description_kind":"plain"}},"github_organization_ip_allow_list":{"version":0,"block":{"attributes":{"id":{"type":"string","description_kind":"plain","optional":true,"computed":true},"ip_allow_list":{"type":["list",["object",{"allow_list_value":"string","created_at":"string","id":"string","is_active":"bool","name":"string","updated_at":"string"}]],"description_kind":"plain","computed":true}},"description_kind":"plain"}},"github_organization_team_sync_groups":{"version":0,"block":{"attributes":{"groups":{"type":["list",["object",{"group_description":"string","group_id":"string","group_name":"string"}]],"description_kind":"plain","computed":true},"id":{"type":"string","description_kind":"plain","optional":true,"computed":true}},"description_kind":"plain"}},"github_organization_teams":{"version":0,"block":{"attributes":{"id":{"type":"string","description_kind":"plain","optional":true,"computed":true},"results_per_page":{"type":"number","description_kind":"plain","optional":true},"root_teams_only":{"type":"bool","description_kind":"plain","optional":true},"summary_only":{"type":"bool","description_kind":"plain","optional":true},"teams":{"type":["list",["object",{"description":"string","id":"number","members":["list","string"],"name":"string","node_id":"string","parent":["map","string"],"privacy":"string","repositories":["list","string"],"slug":"string"}]],"description_kind":"plain","computed":true}},"description_kind":"plain"}},"github_organization_webhooks":{"version":0,"block":{"attributes":{"id":{"type":"string","description_kind":"plain","optional":true,"computed":true},"webhooks":{"type":["list",["object",{"active":"bool","id":"number","name":"string","type":"string","url":"string"}]],"description_kind":"plain","computed":true}},"description_kind":"plain"}},"github_ref":{"version":0,"block":{"attributes":{"etag":{"type":"string","description_kind":"plain","computed":true},"id":{"type":"string","description_kind":"plain","optional":true,"computed":true},"ref":{"type":"string","description_kind":"plain","required":true},"repository":{"type":"string","description_kind":"plain","required":true},"sha":{"type":"string","description_kind":"plain","computed":true}},"description_kind":"plain"}},"github_release":{"version":0,"block":{"attributes":{"asserts_url":{"type":"string","description_kind":"plain","deprecated":true,"computed":true},"assets":{"type":["list",["object",{"browser_download_url":"string","content_type":"string","created_at":"string","id":"number","label":"string","name":"string","node_id":"string","size":"number","updated_at":"string","url":"string"}]],"description_kind":"plain","computed":true},"assets_url":{"type":"string","description_kind":"plain","computed":true},"body":{"type":"string","description_kind":"plain","computed":true},"created_at":{"type":"string","description_kind":"plain","computed":true},"draft":{"type":"bool","description_kind":"plain","computed":true},"html_url":{"type":"string","description_kind":"plain","computed":true},"id":{"type":"string","description_kind":"plain","optional":true,"computed":true},"name":{"type":"string","description_kind":"plain","computed":true},"owner":{"type":"string","description_kind":"plain","required":true},"prerelease":{"type":"bool","description_kind":"plain","computed":true},"published_at":{"type":"string","description_kind":"plain","computed":true},"release_id":{"type":"number","description_kind":"plain","optional":true},"release_tag":{"type":"string","description_kind":"plain","optional":true},"repository":{"type":"string","description_kind":"plain","required":true},"retrieve_by":{"type":"string","description_kind":"plain","required":true},"tarball_url":{"type":"string","description_kind":"plain","computed":true},"target_commitish":{"type":"string","description_kind":"plain","computed":true},"upload_url":{"type":"string","description_kind":"plain","computed":true},"url":{"type":"string","description_kind":"plain","computed":true},"zipball_url":{"type":"string","description_kind":"plain","computed":true}},"description_kind":"plain"}},"github_repositories":{"version":0,"block":{"attributes":{"full_names":{"type":["list","string"],"description_kind":"plain","computed":true},"id":{"type":"string","description_kind":"plain","optional":true,"computed":true},"include_repo_id":{"type":"bool","description_kind":"plain","optional":true},"names":{"type":["list","string"],"description_kind":"plain","computed":true},"query":{"type":"string","description_kind":"plain","required":true},"repo_ids":{"type":["list","number"],"description_kind":"plain","computed":true},"results_per_page":{"type":"number","description_kind":"plain","optional":true},"sort":{"type":"string","description_kind":"plain","optional":true}},"description_kind":"plain"}},"github_repository":{"version":1,"block":{"attributes":{"allow_auto_merge":{"type":"bool","description_kind":"plain","computed":true},"allow_merge_commit":{"type":"bool","description_kind":"plain","computed":true},"allow_rebase_merge":{"type":"bool","description_kind":"plain","computed":true},"allow_squash_merge":{"type":"bool","description_kind":"plain","computed":true},"archived":{"type":"bool","description_kind":"plain","computed":true},"default_branch":{"type":"string","description_kind":"plain","computed":true},"description":{"type":"string","description_kind":"plain","optional":true},"full_name":{"type":"string","description_kind":"plain","optional":true,"computed":true},"git_clone_url":{"type":"string","description_kind":"plain","computed":true},"has_discussions":{"type":"bool","description_kind":"plain","computed":true},"has_downloads":{"type":"bool","description_kind":"plain","computed":true},"has_issues":{"type":"bool","description_kind":"plain","computed":true},"has_projects":{"type":"bool","description_kind":"plain","computed":true},"has_wiki":{"type":"bool","description_kind":"plain","computed":true},"homepage_url":{"type":"string","description_kind":"plain","optional":true},"html_url":{"type":"string","description_kind":"plain","computed":true},"http_clone_url":{"type":"string","description_kind":"plain","computed":true},"id":{"type":"string","description_kind":"plain","optional":true,"computed":true},"is_template":{"type":"bool","description_kind":"plain","computed":true},"merge_commit_message":{"type":"string","description_kind":"plain","computed":true},"merge_commit_title":{"type":"string","description_kind":"plain","computed":true},"name":{"type":"string","description_kind":"plain","optional":true,"computed":true},"node_id":{"type":"string","description_kind":"plain","computed":true},"pages":{"type":["list",["object",{"cname":"string","custom_404":"bool","html_url":"string","source":["list",["object",{"branch":"string","path":"string"}]],"status":"string","url":"string"}]],"description_kind":"plain","computed":true},"private":{"type":"bool","description_kind":"plain","computed":true},"repo_id":{"type":"number","description_kind":"plain","computed":true},"squash_merge_commit_message":{"type":"string","description_kind":"plain","computed":true},"squash_merge_commit_title":{"type":"string","description_kind":"plain","computed":true},"ssh_clone_url":{"type":"string","description_kind":"plain","computed":true},"svn_url":{"type":"string","description_kind":"plain","computed":true},"template":{"type":["list",["object",{"owner":"string","repository":"string"}]],"description_kind":"plain","computed":true},"topics":{"type":["list","string"],"description_kind":"plain","computed":true},"visibility":{"type":"string","description_kind":"plain","computed":true}},"description_kind":"plain"}},"github_repository_branches":{"version":0,"block":{"attributes":{"branches":{"type":["list",["object",{"name":"string","protected":"bool"}]],"description_kind":"plain","computed":true},"id":{"type":"string","description_kind":"plain","optional":true,"computed":true},"only_non_protected_branches":{"type":"bool","description_kind":"plain","optional":true},"only_protected_branches":{"type":"bool","description_kind":"plain","optional":true},"repository":{"type":"string","description_kind":"plain","required":true}},"description_kind":"plain"}},"github_repository_deploy_keys":{"version":0,"block":{"attributes":{"id":{"type":"string","description_kind":"plain","optional":true,"computed":true},"keys":{"type":["list",["object",{"id":"number","key":"string","title":"string","verified":"bool"}]],"description_kind":"plain","computed":true},"repository":{"type":"string","description_kind":"plain","required":true}},"description_kind":"plain"}},"github_repository_file":{"version":0,"block":{"attributes":{"branch":{"type":"string","description":"The branch name, defaults to \"main\"","description_kind":"plain","optional":true},"commit_author":{"type":"string","description":"The commit author name, defaults to the authenticated user's name","description_kind":"plain","computed":true},"commit_email":{"type":"string","description":"The commit author email address, defaults to the authenticated user's email address","description_kind":"plain","computed":true},"commit_message":{"type":"string","description":"The commit message when creating or updating the file","description_kind":"plain","computed":true},"commit_sha":{"type":"string","description":"The SHA of the commit that modified the file","description_kind":"plain","computed":true},"content":{"type":"string","description":"The file's content","description_kind":"plain","computed":true},"file":{"type":"string","description":"The file path to manage","description_kind":"plain","required":true},"id":{"type":"string","description_kind":"plain","optional":true,"computed":true},"repository":{"type":"string","description":"The repository name","description_kind":"plain","required":true},"sha":{"type":"string","description":"The blob SHA of the file","description_kind":"plain","computed":true}},"description_kind":"plain"}},"github_repository_milestone":{"version":0,"block":{"attributes":{"description":{"type":"string","description_kind":"plain","computed":true},"due_date":{"type":"string","description_kind":"plain","computed":true},"id":{"type":"string","description_kind":"plain","optional":true,"computed":true},"number":{"type":"number","description_kind":"plain","required":true},"owner":{"type":"string","description_kind":"plain","required":true},"repository":{"type":"string","description_kind":"plain","required":true},"state":{"type":"string","description_kind":"plain","computed":true},"title":{"type":"string","description_kind":"plain","computed":true}},"description_kind":"plain"}},"github_repository_pull_request":{"version":0,"block":{"attributes":{"base_ref":{"type":"string","description_kind":"plain","computed":true},"base_repository":{"type":"string","description_kind":"plain","required":true},"base_sha":{"type":"string","description_kind":"plain","computed":true},"body":{"type":"string","description_kind":"plain","computed":true},"draft":{"type":"bool","description_kind":"plain","computed":true},"head_owner":{"type":"string","description_kind":"plain","computed":true},"head_ref":{"type":"string","description_kind":"plain","computed":true},"head_repository":{"type":"string","description_kind":"plain","computed":true},"head_sha":{"type":"string","description_kind":"plain","computed":true},"id":{"type":"string","description_kind":"plain","optional":true,"computed":true},"labels":{"type":["list","string"],"description":"List of names of labels on the PR","description_kind":"plain","computed":true},"maintainer_can_modify":{"type":"bool","description_kind":"plain","computed":true},"number":{"type":"number","description_kind":"plain","required":true},"opened_at":{"type":"number","description_kind":"plain","computed":true},"opened_by":{"type":"string","description":"Username of the PR creator","description_kind":"plain","computed":true},"owner":{"type":"string","description_kind":"plain","optional":true},"state":{"type":"string","description_kind":"plain","computed":true},"title":{"type":"string","description_kind":"plain","computed":true},"updated_at":{"type":"number","description_kind":"plain","computed":true}},"description_kind":"plain"}},"github_repository_pull_requests":{"version":0,"block":{"attributes":{"base_ref":{"type":"string","description_kind":"plain","optional":true},"base_repository":{"type":"string","description_kind":"plain","required":true},"head_ref":{"type":"string","description_kind":"plain","optional":true},"id":{"type":"string","description_kind":"plain","optional":true,"computed":true},"owner":{"type":"string","description_kind":"plain","optional":true},"results":{"type":["list",["object",{"base_ref":"string","base_sha":"string","body":"string","draft":"bool","head_owner":"string","head_ref":"string","head_repository":"string","head_sha":"string","labels":["list","string"],"maintainer_can_modify":"bool","number":"number","opened_at":"number","opened_by":"string","state":"string","title":"string","updated_at":"number"}]],"description_kind":"plain","computed":true},"sort_by":{"type":"string","description_kind":"plain","optional":true},"sort_direction":{"type":"string","description_kind":"plain","optional":true},"state":{"type":"string","description_kind":"plain","optional":true}},"description_kind":"plain"}},"github_repository_teams":{"version":0,"block":{"attributes":{"full_name":{"type":"string","description_kind":"plain","optional":true,"computed":true},"id":{"type":"string","description_kind":"plain","optional":true,"computed":true},"name":{"type":"string","description_kind":"plain","optional":true,"computed":true},"teams":{"type":["list",["object",{"name":"string","permission":"string","slug":"string"}]],"description_kind":"plain","computed":true}},"description_kind":"plain"}},"github_repository_webhooks":{"version":0,"block":{"attributes":{"id":{"type":"string","description_kind":"plain","optional":true,"computed":true},"repository":{"type":"string","description_kind":"plain","required":true},"webhooks":{"type":["list",["object",{"active":"bool","id":"number","name":"string","type":"string","url":"string"}]],"description_kind":"plain","computed":true}},"description_kind":"plain"}},"github_team":{"version":0,"block":{"attributes":{"description":{"type":"string","description_kind":"plain","computed":true},"id":{"type":"string","description_kind":"plain","optional":true,"computed":true},"members":{"type":["list","string"],"description_kind":"plain","computed":true},"membership_type":{"type":"string","description_kind":"plain","optional":true},"name":{"type":"string","description_kind":"plain","computed":true},"node_id":{"type":"string","description_kind":"plain","computed":true},"permission":{"type":"string","description_kind":"plain","computed":true},"privacy":{"type":"string","description_kind":"plain","computed":true},"repositories":{"type":["list","string"],"description_kind":"plain","computed":true},"results_per_page":{"type":"number","description_kind":"plain","optional":true},"slug":{"type":"string","description_kind":"plain","required":true},"summary_only":{"type":"bool","description_kind":"plain","optional":true}},"description_kind":"plain"}},"github_tree":{"version":0,"block":{"attributes":{"entries":{"type":["list",["object",{"mode":"string","path":"string","sha":"string","size":"number","type":"string"}]],"description_kind":"plain","computed":true},"id":{"type":"string","description_kind":"plain","optional":true,"computed":true},"recursive":{"type":"bool","description_kind":"plain","optional":true},"repository":{"type":"string","description_kind":"plain","required":true},"tree_sha":{"type":"string","description_kind":"plain","required":true}},"description_kind":"plain"}},"github_user":{"version":0,"block":{"attributes":{"avatar_url":{"type":"string","description_kind":"plain","computed":true},"bio":{"type":"string","description_kind":"plain","computed":true},"blog":{"type":"string","description_kind":"plain","computed":true},"company":{"type":"string","description_kind":"plain","computed":true},"created_at":{"type":"string","description_kind":"plain","computed":true},"email":{"type":"string","description_kind":"plain","computed":true},"followers":{"type":"number","description_kind":"plain","computed":true},"following":{"type":"number","description_kind":"plain","computed":true},"gpg_keys":{"type":["list","string"],"description_kind":"plain","computed":true},"gravatar_id":{"type":"string","description_kind":"plain","computed":true},"id":{"type":"string","description_kind":"plain","optional":true,"computed":true},"location":{"type":"string","description_kind":"plain","computed":true},"login":{"type":"string","description_kind":"plain","computed":true},"name":{"type":"string","description_kind":"plain","computed":true},"node_id":{"type":"string","description_kind":"plain","computed":true},"public_gists":{"type":"number","description_kind":"plain","computed":true},"public_repos":{"type":"number","description_kind":"plain","computed":true},"site_admin":{"type":"bool","description_kind":"plain","computed":true},"ssh_keys":{"type":["list","string"],"description_kind":"plain","computed":true},"suspended_at":{"type":"string","description_kind":"plain","computed":true},"updated_at":{"type":"string","description_kind":"plain","computed":true},"username":{"type":"string","description_kind":"plain","required":true}},"description_kind":"plain"}},"github_users":{"version":0,"block":{"attributes":{"id":{"type":"string","description_kind":"plain","optional":true,"computed":true},"logins":{"type":["list","string"],"description_kind":"plain","computed":true},"node_ids":{"type":["list","string"],"description_kind":"plain","computed":true},"unknown_logins":{"type":["list","string"],"description_kind":"plain","computed":true},"usernames":{"type":["list","string"],"description_kind":"plain","required":true}},"description_kind":"plain"}}}}}}
